
Microsoft Visual Studio Solution File, Format Version 12.00
# Visual Studio 15
VisualStudioVersion = 15.0.26403.7
MinimumVisualStudioVersion = 10.0.40219.1
Project("{2150E333-8FDC-42A3-9474-1A3956D46DE8}") = "src", "src", "{CAC7E878-5C3E-4E44-B72D-53EB5245A318}"
EndProject
Project("{2150E333-8FDC-42A3-9474-1A3956D46DE8}") = "ASPNET", "ASPNET", "{895A2F0F-B723-48E7-A036-A8236F4408AE}"
EndProject
Project("{2150E333-8FDC-42A3-9474-1A3956D46DE8}") = "MVC", "MVC", "{15742044-1CEB-4E3C-BD1A-F89440B41ADA}"
EndProject
Project("{2150E333-8FDC-42A3-9474-1A3956D46DE8}") = "WebApi", "WebApi", "{5D8ED045-A176-454A-BBBF-F0B6C510ADC0}"
EndProject
Project("{FAE04EC0-301F-11D3-BF4B-00C04F79EFBC}") = "PagingByLinkHeader", "src\ASPNET\WebApi\PagingByLinkHeader\PagingByLinkHeader.csproj", "{C31C2570-951D-4505-B615-CF8AA5335A19}"
EndProject
Project("{2150E333-8FDC-42A3-9474-1A3956D46DE8}") = "SignalR", "SignalR", "{E00AC81F-4A94-48D3-86A0-7F71CF0DCFA9}"
EndProject
Project("{FAE04EC0-301F-11D3-BF4B-00C04F79EFBC}") = "ProgressBar", "src\ASPNET\SignalR\ProgressBar\ProgressBar.csproj", "{87A738A1-1C3D-44C5-976E-631F67C56FB8}"
EndProject
Global
	GlobalSection(SolutionConfigurationPlatforms) = preSolution
		Debug|Any CPU = Debug|Any CPU
		Release|Any CPU = Release|Any CPU
	EndGlobalSection
	GlobalSection(ProjectConfigurationPlatforms) = postSolution
		{C31C2570-951D-4505-B615-CF8AA5335A19}.Debug|Any CPU.ActiveCfg = Debug|Any CPU
		{C31C2570-951D-4505-B615-CF8AA5335A19}.Debug|Any CPU.Build.0 = Debug|Any CPU
		{C31C2570-951D-4505-B615-CF8AA5335A19}.Release|Any CPU.ActiveCfg = Release|Any CPU
		{C31C2570-951D-4505-B615-CF8AA5335A19}.Release|Any CPU.Build.0 = Release|Any CPU
		{87A738A1-1C3D-44C5-976E-631F67C56FB8}.Debug|Any CPU.ActiveCfg = Debug|Any CPU
		{87A738A1-1C3D-44C5-976E-631F67C56FB8}.Debug|Any CPU.Build.0 = Debug|Any CPU
		{87A738A1-1C3D-44C5-976E-631F67C56FB8}.Release|Any CPU.ActiveCfg = Release|Any CPU
		{87A738A1-1C3D-44C5-976E-631F67C56FB8}.Release|Any CPU.Build.0 = Release|Any CPU
	EndGlobalSection
	GlobalSection(SolutionProperties) = preSolution
		HideSolutionNode = FALSE
	EndGlobalSection
	GlobalSection(NestedProjects) = preSolution
		{895A2F0F-B723-48E7-A036-A8236F4408AE} = {CAC7E878-5C3E-4E44-B72D-53EB5245A318}
		{15742044-1CEB-4E3C-BD1A-F89440B41ADA} = {895A2F0F-B723-48E7-A036-A8236F4408AE}
		{5D8ED045-A176-454A-BBBF-F0B6C510ADC0} = {895A2F0F-B723-48E7-A036-A8236F4408AE}
		{C31C2570-951D-4505-B615-CF8AA5335A19} = {5D8ED045-A176-454A-BBBF-F0B6C510ADC0}
		{E00AC81F-4A94-48D3-86A0-7F71CF0DCFA9} = {895A2F0F-B723-48E7-A036-A8236F4408AE}
		{87A738A1-1C3D-44C5-976E-631F67C56FB8} = {E00AC81F-4A94-48D3-86A0-7F71CF0DCFA9}
	EndGlobalSection
EndGlobal
